// !$*UTF8*$!
{
	archiveVersion = 1;
	classes = {
	};
	objectVersion = 46;
	objects = {

/* Begin PBXBuildFile section */
		F10F6CBF14E6C7DC00A3F30A /* UIKit.framework in Frameworks */ = {isa = PBXBuildFile; fileRef = F10F6CBE14E6C7DC00A3F30A /* UIKit.framework */; };
		F10F6CC114E6C7DC00A3F30A /* Foundation.framework in Frameworks */ = {isa = PBXBuildFile; fileRef = F10F6CC014E6C7DC00A3F30A /* Foundation.framework */; };
		F10F6CC314E6C7DC00A3F30A /* CoreGraphics.framework in Frameworks */ = {isa = PBXBuildFile; fileRef = F10F6CC214E6C7DC00A3F30A /* CoreGraphics.framework */; };
		F10F6CC914E6C7DC00A3F30A /* InfoPlist.strings in Resources */ = {isa = PBXBuildFile; fileRef = F10F6CC714E6C7DC00A3F30A /* InfoPlist.strings */; };
		F10F6CCB14E6C7DC00A3F30A /* main.m in Sources */ = {isa = PBXBuildFile; fileRef = F10F6CCA14E6C7DC00A3F30A /* main.m */; };
		F10F6CCF14E6C7DC00A3F30A /* AppDelegate.m in Sources */ = {isa = PBXBuildFile; fileRef = F10F6CCE14E6C7DC00A3F30A /* AppDelegate.m */; };
		F10F6CD214E6C7DC00A3F30A /* MainStoryboard.storyboard in Resources */ = {isa = PBXBuildFile; fileRef = F10F6CD014E6C7DC00A3F30A /* MainStoryboard.storyboard */; };
		F10F6CD514E6C7DC00A3F30A /* ViewController.m in Sources */ = {isa = PBXBuildFile; fileRef = F10F6CD414E6C7DC00A3F30A /* ViewController.m */; };
		F10F6CDD14E6C7DC00A3F30A /* SenTestingKit.framework in Frameworks */ = {isa = PBXBuildFile; fileRef = F10F6CDC14E6C7DC00A3F30A /* SenTestingKit.framework */; };
		F10F6CDE14E6C7DC00A3F30A /* UIKit.framework in Frameworks */ = {isa = PBXBuildFile; fileRef = F10F6CBE14E6C7DC00A3F30A /* UIKit.framework */; };
		F10F6CDF14E6C7DC00A3F30A /* Foundation.framework in Frameworks */ = {isa = PBXBuildFile; fileRef = F10F6CC014E6C7DC00A3F30A /* Foundation.framework */; };
		F10F6CE714E6C7DC00A3F30A /* InfoPlist.strings in Resources */ = {isa = PBXBuildFile; fileRef = F10F6CE514E6C7DC00A3F30A /* InfoPlist.strings */; };
		F10F6CEA14E6C7DC00A3F30A /* mytestTests.m in Sources */ = {isa = PBXBuildFile; fileRef = F10F6CE914E6C7DC00A3F30A /* mytestTests.m */; };
/* End PBXBuildFile section */

/* Begin PBXContainerItemProxy section */
		F10F6CE014E6C7DC00A3F30A /* PBXContainerItemProxy */ = {
			isa = PBXContainerItemProxy;
			containerPortal = F10F6CB114E6C7DC00A3F30A /* Project object */;
			proxyType = 1;
			remoteGlobalIDString = F10F6CB914E6C7DC00A3F30A;
			remoteInfo = mytest;
		};
/* End PBXContainerItemProxy section */

/* Begin PBXFileReference section */
		F10F6CBA14E6C7DC00A3F30A /* mytest.app */ = {isa = PBXFileReference; explicitFileType = wrapper.application; includeInIndex = 0; path = mytest.app; sourceTree = BUILT_PRODUCTS_DIR; };
		F10F6CBE14E6C7DC00A3F30A /* UIKit.framework */ = {isa = PBXFileReference; lastKnownFileType = wrapper.framework; name = UIKit.framework; path = System/Library/Frameworks/UIKit.framework; sourceTree = SDKROOT; };
		F10F6CC014E6C7DC00A3F30A /* Foundation.framework */ = {isa = PBXFileReference; lastKnownFileType = wrapper.framework; name = Foundation.framework; path = System/Library/Frameworks/Foundation.framework; sourceTree = SDKROOT; };
		F10F6CC214E6C7DC00A3F30A /* CoreGraphics.framework */ = {isa = PBXFileReference; lastKnownFileType = wrapper.framework; name = CoreGraphics.framework; path = System/Library/Frameworks/CoreGraphics.framework; sourceTree = SDKROOT; };
		F10F6CC614E6C7DC00A3F30A /* mytest-Info.plist */ = {isa = PBXFileReference; lastKnownFileType = text.plist.xml; path = "mytest-Info.plist"; sourceTree = "<group>"; };
		F10F6CC814E6C7DC00A3F30A /* en */ = {isa = PBXFileReference; lastKnownFileType = text.plist.strings; name = en; path = en.lproj/InfoPlist.strings; sourceTree = "<group>"; };
		F10F6CCA14E6C7DC00A3F30A /* main.m */ = {isa = PBXFileReference; lastKnownFileType = sourcecode.c.objc; path = main.m; sourceTree = "<group>"; };
		F10F6CCC14E6C7DC00A3F30A /* mytest-Prefix.pch */ = {isa = PBXFileReference; lastKnownFileType = sourcecode.c.h; path = "mytest-Prefix.pch"; sourceTree = "<group>"; };
		F10F6CCD14E6C7DC00A3F30A /* AppDelegate.h */ = {isa = PBXFileReference; lastKnownFileType = sourcecode.c.h; path = AppDelegate.h; sourceTree = "<group>"; };
		F10F6CCE14E6C7DC00A3F30A /* AppDelegate.m */ = {isa = PBXFileReference; lastKnownFileType = sourcecode.c.objc; path = AppDelegate.m; sourceTree = "<group>"; };
		F10F6CD114E6C7DC00A3F30A /* en */ = {isa = PBXFileReference; lastKnownFileType = file.storyboard; name = en; path = en.lproj/MainStoryboard.storyboard; sourceTree = "<group>"; };
		F10F6CD314E6C7DC00A3F30A /* ViewController.h */ = {isa = PBXFileReference; lastKnownFileType = sourcecode.c.h; path = ViewController.h; sourceTree = "<group>"; };
		F10F6CD414E6C7DC00A3F30A /* ViewController.m */ = {isa = PBXFileReference; lastKnownFileType = sourcecode.c.objc; path = ViewController.m; sourceTree = "<group>"; };
		F10F6CDB14E6C7DC00A3F30A /* mytestTests.octest */ = {isa = PBXFileReference; explicitFileType = wrapper.cfbundle; includeInIndex = 0; path = mytestTests.octest; sourceTree = BUILT_PRODUCTS_DIR; };
		F10F6CDC14E6C7DC00A3F30A /* SenTestingKit.framework */ = {isa = PBXFileReference; lastKnownFileType = wrapper.framework; name = SenTestingKit.framework; path = Library/Frameworks/SenTestingKit.framework; sourceTree = DEVELOPER_DIR; };
		F10F6CE414E6C7DC00A3F30A /* mytestTests-Info.plist */ = {isa = PBXFileReference; lastKnownFileType = text.plist.xml; path = "mytestTests-Info.plist"; sourceTree = "<group>"; };
		F10F6CE614E6C7DC00A3F30A /* en */ = {isa = PBXFileReference; lastKnownFileType = text.plist.strings; name = en; path = en.lproj/InfoPlist.strings; sourceTree = "<group>"; };
		F10F6CE814E6C7DC00A3F30A /* mytestTests.h */ = {isa = PBXFileReference; lastKnownFileType = sourcecode.c.h; path = mytestTests.h; sourceTree = "<group>"; };
		F10F6CE914E6C7DC00A3F30A /* mytestTests.m */ = {isa = PBXFileReference; lastKnownFileType = sourcecode.c.objc; path = mytestTests.m; sourceTree = "<group>"; };
/* End PBXFileReference section */

/* Begin PBXFrameworksBuildPhase section */
		F10F6CB714E6C7DC00A3F30A /* Frameworks */ = {
			isa = PBXFrameworksBuildPhase;
			buildActionMask = 2147483647;
			files = (
				F10F6CBF14E6C7DC00A3F30A /* UIKit.framework in Frameworks */,
				F10F6CC114E6C7DC00A3F30A /* Foundation.framework in Frameworks */,
				F10F6CC314E6C7DC00A3F30A /* CoreGraphics.framework in Frameworks */,
			);
			runOnlyForDeploymentPostprocessing = 0;
		};
		F10F6CD714E6C7DC00A3F30A /* Frameworks */ = {
			isa = PBXFrameworksBuildPhase;
			buildActionMask = 2147483647;
			files = (
				F10F6CDD14E6C7DC00A3F30A /* SenTestingKit.framework in Frameworks */,
				F10F6CDE14E6C7DC00A3F30A /* UIKit.framework in Frameworks */,
				F10F6CDF14E6C7DC00A3F30A /* Foundation.framework in Frameworks */,
			);
			runOnlyForDeploymentPostprocessing = 0;
		};
/* End PBXFrameworksBuildPhase section */

/* Begin PBXGroup section */
		F10F6CAF14E6C7DC00A3F30A = {
			isa = PBXGroup;
			children = (
				F10F6CC414E6C7DC00A3F30A /* mytest */,
				F10F6CE214E6C7DC00A3F30A /* mytestTests */,
				F10F6CBD14E6C7DC00A3F30A /* Frameworks */,
				F10F6CBB14E6C7DC00A3F30A /* Products */,
			);
			sourceTree = "<group>";
		};
		F10F6CBB14E6C7DC00A3F30A /* Products */ = {
			isa = PBXGroup;
			children = (
				F10F6CBA14E6C7DC00A3F30A /* mytest.app */,
				F10F6CDB14E6C7DC00A3F30A /* mytestTests.octest */,
			);
			name = Products;
			sourceTree = "<group>";
		};
		F10F6CBD14E6C7DC00A3F30A /* Frameworks */ = {
			isa = PBXGroup;
			children = (
				F10F6CBE14E6C7DC00A3F30A /* UIKit.framework */,
				F10F6CC014E6C7DC00A3F30A /* Foundation.framework */,
				F10F6CC214E6C7DC00A3F30A /* CoreGraphics.framework */,
				F10F6CDC14E6C7DC00A3F30A /* SenTestingKit.framework */,
			);
			name = Frameworks;
			sourceTree = "<group>";
		};
		F10F6CC414E6C7DC00A3F30A /* mytest */ = {
			isa = PBXGroup;
			children = (
				F10F6CCD14E6C7DC00A3F30A /* AppDelegate.h */,
				F10F6CCE14E6C7DC00A3F30A /* AppDelegate.m */,
				F10F6CD014E6C7DC00A3F30A /* MainStoryboard.storyboard */,
				F10F6CD314E6C7DC00A3F30A /* ViewController.h */,
				F10F6CD414E6C7DC00A3F30A /* ViewController.m */,
				F10F6CC514E6C7DC00A3F30A /* Supporting Files */,
			);
			path = mytest;
			sourceTree = "<group>";
		};
		F10F6CC514E6C7DC00A3F30A /* Supporting Files */ = {
			isa = PBXGroup;
			children = (
				F10F6CC614E6C7DC00A3F30A /* mytest-Info.plist */,
				F10F6CC714E6C7DC00A3F30A /* InfoPlist.strings */,
				F10F6CCA14E6C7DC00A3F30A /* main.m */,
				F10F6CCC14E6C7DC00A3F30A /* mytest-Prefix.pch */,
			);
			name = "Supporting Files";
			sourceTree = "<group>";
		};
		F10F6CE214E6C7DC00A3F30A /* mytestTests */ = {
			isa = PBXGroup;
			children = (
				F10F6CE814E6C7DC00A3F30A /* mytestTests.h */,
				F10F6CE914E6C7DC00A3F30A /* mytestTests.m */,
				F10F6CE314E6C7DC00A3F30A /* Supporting Files */,
			);
			path = mytestTests;
			sourceTree = "<group>";
		};
		F10F6CE314E6C7DC00A3F30A /* Supporting Files */ = {
			isa = PBXGroup;
			children = (
				F10F6CE414E6C7DC00A3F30A /* mytestTests-Info.plist */,
				F10F6CE514E6C7DC00A3F30A /* InfoPlist.strings */,
			);
			name = "Supporting Files";
			sourceTree = "<group>";
		};
/* End PBXGroup section */

/* Begin PBXNativeTarget section */
		F10F6CB914E6C7DC00A3F30A /* mytest */ = {
			isa = PBXNativeTarget;
			buildConfigurationList = F10F6CED14E6C7DC00A3F30A /* Build configuration list for PBXNativeTarget "mytest" */;
			buildPhases = (
				F10F6CB614E6C7DC00A3F30A /* Sources */,
				F10F6CB714E6C7DC00A3F30A /* Frameworks */,
				F10F6CB814E6C7DC00A3F30A /* Resources */,
			);
			buildRules = (
			);
			dependencies = (
			);
			name = mytest;
			productName = mytest;
			productReference = F10F6CBA14E6C7DC00A3F30A /* mytest.app */;
			productType = "com.apple.product-type.application";
		};
		F10F6CDA14E6C7DC00A3F30A /* mytestTests */ = {
			isa = PBXNativeTarget;
			buildConfigurationList = F10F6CF014E6C7DC00A3F30A /* Build configuration list for PBXNativeTarget "mytestTests" */;
			buildPhases = (
				F10F6CD614E6C7DC00A3F30A /* Sources */,
				F10F6CD714E6C7DC00A3F30A /* Frameworks */,
				F10F6CD814E6C7DC00A3F30A /* Resources */,
				F10F6CD914E6C7DC00A3F30A /* ShellScript */,
			);
			buildRules = (
			);
			dependencies = (
				F10F6CE114E6C7DC00A3F30A /* PBXTargetDependency */,
			);
			name = mytestTests;
			productName = mytestTests;
			productReference = F10F6CDB14E6C7DC00A3F30A /* mytestTests.octest */;
			productType = "com.apple.product-type.bundle";
		};
/* End PBXNativeTarget section */

/* Begin PBXProject section */
		F10F6CB114E6C7DC00A3F30A /* Project object */ = {
			isa = PBXProject;
			attributes = {
				LastUpgradeCheck = 0420;
			};
			buildConfigurationList = F10F6CB414E6C7DC00A3F30A /* Build configuration list for PBXProject "mytest" */;
			compatibilityVersion = "Xcode 3.2";
			developmentRegion = English;
			hasScannedForEncodings = 0;
			knownRegions = (
				en,
			);
			mainGroup = F10F6CAF14E6C7DC00A3F30A;
			productRefGroup = F10F6CBB14E6C7DC00A3F30A /* Products */;
			projectDirPath = "";
			projectRoot = "";
			targets = (
				F10F6CB914E6C7DC00A3F30A /* mytest */,
				F10F6CDA14E6C7DC00A3F30A /* mytestTests */,
			);
		};
/* End PBXProject section */

/* Begin PBXResourcesBuildPhase section */
		F10F6CB814E6C7DC00A3F30A /* Resources */ = {
			isa = PBXResourcesBuildPhase;
			buildActionMask = 2147483647;
			files = (
				F10F6CC914E6C7DC00A3F30A /* InfoPlist.strings in Resources */,
				F10F6CD214E6C7DC00A3F30A /* MainStoryboard.storyboard in Resources */,
			);
			runOnlyForDeploymentPostprocessing = 0;
		};
		F10F6CD814E6C7DC00A3F30A /* Resources */ = {
			isa = PBXResourcesBuildPhase;
			buildActionMask = 2147483647;
			files = (
				F10F6CE714E6C7DC00A3F30A /* InfoPlist.strings in Resources */,
			);
			runOnlyForDeploymentPostprocessing = 0;
		};
/* End PBXResourcesBuildPhase section */

/* Begin PBXShellScriptBuildPhase section */
		F10F6CD914E6C7DC00A3F30A /* ShellScript */ = {
			isa = PBXShellScriptBuildPhase;
			buildActionMask = 2147483647;
			files = (
			);
			inputPaths = (
			);
			outputPaths = (
			);
			runOnlyForDeploymentPostprocessing = 0;
			shellPath = /bin/sh;
			shellScript = "# Run the unit tests in this test bundle.\n\"${SYSTEM_DEVELOPER_DIR}/Tools/RunUnitTests\"\n";
		};
/* End PBXShellScriptBuildPhase section */

/* Begin PBXSourcesBuildPhase section */
		F10F6CB614E6C7DC00A3F30A /* Sources */ = {
			isa = PBXSourcesBuildPhase;
			buildActionMask = 2147483647;
			files = (
				F10F6CCB14E6C7DC00A3F30A /* main.m in Sources */,
				F10F6CCF14E6C7DC00A3F30A /* AppDelegate.m in Sources */,
				F10F6CD514E6C7DC00A3F30A /* ViewController.m in Sources */,
			);
			runOnlyForDeploymentPostprocessing = 0;
		};
		F10F6CD614E6C7DC00A3F30A /* Sources */ = {
			isa = PBXSourcesBuildPhase;
			buildActionMask = 2147483647;
			files = (
				F10F6CEA14E6C7DC00A3F30A /* mytestTests.m in Sources */,
			);
			runOnlyForDeploymentPostprocessing = 0;
		};
/* End PBXSourcesBuildPhase section */

/* Begin PBXTargetDependency section */
		F10F6CE114E6C7DC00A3F30A /* PBXTargetDependency */ = {
			isa = PBXTargetDependency;
			target = F10F6CB914E6C7DC00A3F30A /* mytest */;
			targetProxy = F10F6CE014E6C7DC00A3F30A /* PBXContainerItemProxy */;
		};
/* End PBXTargetDependency section */

/* Begin PBXVariantGroup section */
		F10F6CC714E6C7DC00A3F30A /* InfoPlist.strings */ = {
			isa = PBXVariantGroup;
			children = (
				F10F6CC814E6C7DC00A3F30A /* en */,
			);
			name = InfoPlist.strings;
			sourceTree = "<group>";
		};
		F10F6CD014E6C7DC00A3F30A /* MainStoryboard.storyboard */ = {
			isa = PBXVariantGroup;
			children = (
				F10F6CD114E6C7DC00A3F30A /* en */,
			);
			name = MainStoryboard.storyboard;
			sourceTree = "<group>";
		};
		F10F6CE514E6C7DC00A3F30A /* InfoPlist.strings */ = {
			isa = PBXVariantGroup;
			children = (
				F10F6CE614E6C7DC00A3F30A /* en */,
			);
			name = InfoPlist.strings;
			sourceTree = "<group>";
		};
/* End PBXVariantGroup section */

/* Begin XCBuildConfiguration section */
		F10F6CEB14E6C7DC00A3F30A /* Debug */ = {
			isa = XCBuildConfiguration;
			buildSettings = {
				ALWAYS_SEARCH_USER_PATHS = NO;
				ARCHS = "$(ARCHS_STANDARD_32_BIT)";
				CLANG_ENABLE_OBJC_ARC = YES;
				"CODE_SIGN_IDENTITY[sdk=iphoneos*]" = "iPhone Developer";
				COPY_PHASE_STRIP = NO;
				GCC_C_LANGUAGE_STANDARD = gnu99;
				GCC_DYNAMIC_NO_PIC = NO;
				GCC_OPTIMIZATION_LEVEL = 0;
				GCC_PREPROCESSOR_DEFINITIONS = (
					"DEBUG=1",
					"$(inherited)",
				);
				GCC_SYMBOLS_PRIVATE_EXTERN = NO;
				GCC_VERSION = com.apple.compilers.llvm.clang.1_0;
				GCC_WARN_ABOUT_MISSING_PROTOTYPES = YES;
				GCC_WARN_ABOUT_RETURN_TYPE = YES;
				GCC_WARN_UNUSED_VARIABLE = YES;
				IPHONEOS_DEPLOYMENT_TARGET = 5.0;
				SDKROOT = iphoneos;
			};
			name = Debug;
		};
		F10F6CEC14E6C7DC00A3F30A /* Release */ = {
			isa = XCBuildConfiguration;
			buildSettings = {
				ALWAYS_SEARCH_USER_PATHS = NO;
				ARCHS = "$(ARCHS_STANDARD_32_BIT)";
				CLANG_ENABLE_OBJC_ARC = YES;
				"CODE_SIGN_IDENTITY[sdk=iphoneos*]" = "iPhone Developer";
				COPY_PHASE_STRIP = YES;
				GCC_C_LANGUAGE_STANDARD = gnu99;
				GCC_VERSION = com.apple.compilers.llvm.clang.1_0;
				GCC_WARN_ABOUT_MISSING_PROTOTYPES = YES;
				GCC_WARN_ABOUT_RETURN_TYPE = YES;
				GCC_WARN_UNUSED_VARIABLE = YES;
				IPHONEOS_DEPLOYMENT_TARGET = 5.0;
				OTHER_CFLAGS = "-DNS_BLOCK_ASSERTIONS=1";
				SDKROOT = iphoneos;
				VALIDATE_PRODUCT = YES;
			};
			name = Release;
		};
		F10F6CEE14E6C7DC00A3F30A /* Debug */ = {
			isa = XCBuildConfiguration;
			buildSettings = {
				GCC_PRECOMPILE_PREFIX_HEADER = YES;
				GCC_PREFIX_HEADER = "mytest/mytest-Prefix.pch";
				INFOPLIST_FILE = "mytest/mytest-Info.plist";
				PRODUCT_NAME = "$(TARGET_NAME)";
				WRAPPER_EXTENSION = app;
			};
			name = Debug;
		};
		F10F6CEF14E6C7DC00A3F30A /* Release */ = {
			isa = XCBuildConfiguration;
			buildSettings = {
				GCC_PRECOMPILE_PREFIX_HEADER = YES;
				GCC_PREFIX_HEADER = "mytest/mytest-Prefix.pch";
				INFOPLIST_FILE = "mytest/mytest-Info.plist";
				PRODUCT_NAME = "$(TARGET_NAME)";
				WRAPPER_EXTENSION = app;
			};
			name = Release;
		};
		F10F6CF114E6C7DC00A3F30A /* Debug */ = {
			isa = XCBuildConfiguration;
			buildSettings = {
				BUNDLE_LOADER = "$(BUILT_PRODUCTS_DIR)/mytest.app/mytest";
				FRAMEWORK_SEARCH_PATHS = (
					"$(SDKROOT)/Developer/Library/Frameworks",
					"$(DEVELOPER_LIBRARY_DIR)/Frameworks",
				);
				GCC_PRECOMPILE_PREFIX_HEADER = YES;
				GCC_PREFIX_HEADER = "mytest/mytest-Prefix.pch";
				INFOPLIST_FILE = "mytestTests/mytestTests-Info.plist";
				PRODUCT_NAME = "$(TARGET_NAME)";
				TEST_HOST = "$(BUNDLE_LOADER)";
				WRAPPER_EXTENSION = octest;
			};
			name = Debug;
		};
		F10F6CF214E6C7DC00A3F30A /* Release */ = {
			isa = XCBuildConfiguration;
			buildSettings = {
				BUNDLE_LOADER = "$(BUILT_PRODUCTS_DIR)/mytest.app/mytest";
				FRAMEWORK_SEARCH_PATHS = (
					"$(SDKROOT)/Developer/Library/Frameworks",
					"$(DEVELOPER_LIBRARY_DIR)/Frameworks",
				);
				GCC_PRECOMPILE_PREFIX_HEADER = YES;
				GCC_PREFIX_HEADER = "mytest/mytest-Prefix.pch";
				INFOPLIST_FILE = "mytestTests/mytestTests-Info.plist";
				PRODUCT_NAME = "$(TARGET_NAME)";
				TEST_HOST = "$(BUNDLE_LOADER)";
				WRAPPER_EXTENSION = octest;
			};
			name = Release;
		};
/* End XCBuildConfiguration section */

/* Begin XCConfigurationList section */
		F10F6CB414E6C7DC00A3F30A /* Build configuration list for PBXProject "mytest" */ = {
			isa = XCConfigurationList;
			buildConfigurations = (
				F10F6CEB14E6C7DC00A3F30A /* Debug */,
				F10F6CEC14E6C7DC00A3F30A /* Release */,
			);
			defaultConfigurationIsVisible = 0;
			defaultConfigurationName = Release;
		};
		F10F6CED14E6C7DC00A3F30A /* Build configuration list for PBXNativeTarget "mytest" */ = {
			isa = XCConfigurationList;
			buildConfigurations = (
				F10F6CEE14E6C7DC00A3F30A /* Debug */,
				F10F6CEF14E6C7DC00A3F30A /* Release */,
			);
			defaultConfigurationIsVisible = 0;
		};
		F10F6CF014E6C7DC00A3F30A /* Build configuration list for PBXNativeTarget "mytestTests" */ = {
			isa = XCConfigurationList;
			buildConfigurations = (
				F10F6CF114E6C7DC00A3F30A /* Debug */,
				F10F6CF214E6C7DC00A3F30A /* Release */,
			);
			defaultConfigurationIsVisible = 0;
		};
/* End XCConfigurationList section */
	};
	rootObject = F10F6CB114E6C7DC00A3F30A /* Project object */;
}
